
Microsoft Visual Studio Solution File, Format Version 11.00
# Visual Studio 2010
Project("{FAE04EC0-301F-11D3-BF4B-00C04F79EFBC}") = "github_psm_test", "github_psm_test\github_psm_test.csproj", "{08552393-B605-4163-84F7-260333F38EFA}"
EndProject
Global
	GlobalSection(SolutionConfigurationPlatforms) = preSolution
		Debug|Any CPU = Debug|Any CPU
		Release|Any CPU = Release|Any CPU
	EndGlobalSection
	GlobalSection(ProjectConfigurationPlatforms) = postSolution
		{08552393-B605-4163-84F7-260333F38EFA}.Debug|Any CPU.ActiveCfg = Debug|Any CPU
		{08552393-B605-4163-84F7-260333F38EFA}.Debug|Any CPU.Build.0 = Debug|Any CPU
		{08552393-B605-4163-84F7-260333F38EFA}.Release|Any CPU.ActiveCfg = Release|Any CPU
		{08552393-B605-4163-84F7-260333F38EFA}.Release|Any CPU.Build.0 = Release|Any CPU
	EndGlobalSection
	GlobalSection(MonoDevelopProperties) = preSolution
		StartupItem = github_psm_test\github_psm_test.csproj
	EndGlobalSection
EndGlobal
